Microsoft Visual Studio Solution File, Format Version 12.00
# Visual Studio Version 17
VisualStudioVersion = 17.5.2.0
MinimumVisualStudioVersion = 10.0.40219.1
Project("{FAE04EC0-301F-11D3-BF4B-00C04F79EFBC}") = "GestorClientes", "GestorClientes.csproj", "{BCDFE259-37FA-98D3-CF59-7B0FCAFD0D5D}"
EndProject
Global
	GlobalSection(SolutionConfigurationPlatforms) = preSolution
		Debug|Any CPU = Debug|Any CPU
		Release|Any CPU = Release|Any CPU
	EndGlobalSection
	GlobalSection(ProjectConfigurationPlatforms) = postSolution
		{BCDFE259-37FA-98D3-CF59-7B0FCAFD0D5D}.Debug|Any CPU.ActiveCfg = Debug|Any CPU
		{BCDFE259-37FA-98D3-CF59-7B0FCAFD0D5D}.Debug|Any CPU.Build.0 = Debug|Any CPU
		{BCDFE259-37FA-98D3-CF59-7B0FCAFD0D5D}.Release|Any CPU.ActiveCfg = Release|Any CPU
		{BCDFE259-37FA-98D3-CF59-7B0FCAFD0D5D}.Release|Any CPU.Build.0 = Release|Any CPU
	EndGlobalSection
	GlobalSection(SolutionProperties) = preSolution
		HideSolutionNode = FALSE
	EndGlobalSection
	GlobalSection(ExtensibilityGlobals) = postSolution
		SolutionGuid = {95BF70AE-9030-46AA-ACE9-1ECEBBCFB2EA}
	EndGlobalSection
EndGlobal
